# This file is automatically @generated by Cargo.
# It is not intended for manual editing.
[[package]]
name = "c_string"
version = "0.7.0"
source = "registry+https://github.com/rust-lang/crates.io-index"
checksum = "042256930ddf845b94f0906a60fc7143d1f5f9bc0ba7fd154392035d1a7ee66e"
dependencies = [
 "libc 0.1.12",
]

[[package]]
name = "libc"
version = "0.1.12"
source = "registry+https://github.com/rust-lang/crates.io-index"
checksum = "e32a70cf75e5846d53a673923498228bbec6a8624708a9ea5645f075d6276122"

[[package]]
name = "libc"
version = "0.2.71"
source = "registry+https://github.com/rust-lang/crates.io-index"
checksum = "9457b06509d27052635f90d6466700c65095fdf75409b3fbdd903e988b886f49"

[[package]]
name = "malloc_buf"
version = "0.0.6"
source = "registry+https://github.com/rust-lang/crates.io-index"
checksum = "62bb907fe88d54d8d9ce32a3cceab4218ed2f6b7d35617cafe9adf84e43919cb"
dependencies = [
 "libc 0.2.71",
]

[[package]]
name = "objc"
version = "0.2.7"
source = "registry+https://github.com/rust-lang/crates.io-index"
checksum = "915b1b472bc21c53464d6c8461c9d3af805ba1ef837e1cac254428f4a77177b1"
dependencies = [
 "malloc_buf",
]

[[package]]
name = "reachccrust"
version = "0.1.0"
dependencies = [
 "c_string",
 "objc",
]
